// !$*UTF8*$!
{
	archiveVersion = 1;
	classes = {
	};
	objectVersion = 50;
	objects = {

/* Begin PBXBuildFile section */
		A8FDD6A626F51A920094301E /* AppDelegate.swift in Sources */ = {isa = PBXBuildFile; fileRef = A8FDD6A526F51A920094301E /* AppDelegate.swift */; };
		A8FDD6A826F51A920094301E /* SceneDelegate.swift in Sources */ = {isa = PBXBuildFile; fileRef = A8FDD6A726F51A920094301E /* SceneDelegate.swift */; };
		A8FDD6AF26F51A940094301E /* Assets.xcassets in Resources */ = {isa = PBXBuildFile; fileRef = A8FDD6AE26F51A940094301E /* Assets.xcassets */; };
		A8FDD6B226F51A940094301E /* LaunchScreen.storyboard in Resources */ = {isa = PBXBuildFile; fileRef = A8FDD6B026F51A940094301E /* LaunchScreen.storyboard */; };
		A8FDD6C326F51C2A0094301E /* InitialViewController.swift in Sources */ = {isa = PBXBuildFile; fileRef = A8FDD6C126F51C2A0094301E /* InitialViewController.swift */; };
		A8FDD6C426F51C2A0094301E /* InitialViewController.xib in Resources */ = {isa = PBXBuildFile; fileRef = A8FDD6C226F51C2A0094301E /* InitialViewController.xib */; };
/* End PBXBuildFile section */

/* Begin PBXFileReference section */
		A8FDD6A226F51A920094301E /* Integrador.app */ = {isa = PBXFileReference; explicitFileType = wrapper.application; includeInIndex = 0; path = Integrador.app; sourceTree = BUILT_PRODUCTS_DIR; };
		A8FDD6A526F51A920094301E /* AppDelegate.swift */ = {isa = PBXFileReference; lastKnownFileType = sourcecode.swift; path = AppDelegate.swift; sourceTree = "<group>"; };
		A8FDD6A726F51A920094301E /* SceneDelegate.swift */ = {isa = PBXFileReference; lastKnownFileType = sourcecode.swift; path = SceneDelegate.swift; sourceTree = "<group>"; };
		A8FDD6AE26F51A940094301E /* Assets.xcassets */ = {isa = PBXFileReference; lastKnownFileType = folder.assetcatalog; path = Assets.xcassets; sourceTree = "<group>"; };
		A8FDD6B126F51A940094301E /* Base */ = {isa = PBXFileReference; lastKnownFileType = file.storyboard; name = Base; path = Base.lproj/LaunchScreen.storyboard; sourceTree = "<group>"; };
		A8FDD6B326F51A940094301E /* Info.plist */ = {isa = PBXFileReference; lastKnownFileType = text.plist.xml; path = Info.plist; sourceTree = "<group>"; };
		A8FDD6C126F51C2A0094301E /* InitialViewController.swift */ = {isa = PBXFileReference; lastKnownFileType = sourcecode.swift; path = InitialViewController.swift; sourceTree = "<group>"; };
		A8FDD6C226F51C2A0094301E /* InitialViewController.xib */ = {isa = PBXFileReference; lastKnownFileType = file.xib; path = InitialViewController.xib; sourceTree = "<group>"; };
/* End PBXFileReference section */

/* Begin PBXFrameworksBuildPhase section */
		A8FDD69F26F51A920094301E /* Frameworks */ = {
			isa = PBXFrameworksBuildPhase;
			buildActionMask = 2147483647;
			files = (
			);
			runOnlyForDeploymentPostprocessing = 0;
		};
/* End PBXFrameworksBuildPhase section */

/* Begin PBXGroup section */
		A8FDD69926F51A920094301E = {
			isa = PBXGroup;
			children = (
				A8FDD6A426F51A920094301E /* Integrador */,
				A8FDD6A326F51A920094301E /* Products */,
			);
			sourceTree = "<group>";
		};
		A8FDD6A326F51A920094301E /* Products */ = {
			isa = PBXGroup;
			children = (
				A8FDD6A226F51A920094301E /* Integrador.app */,
			);
			name = Products;
			sourceTree = "<group>";
		};
		A8FDD6A426F51A920094301E /* Integrador */ = {
			isa = PBXGroup;
			children = (
				A8FDD6B326F51A940094301E /* Info.plist */,
				A8FDD6B926F51AB70094301E /* main */,
				A8FDD6BB26F51AF60094301E /* resources */,
				A8FDD6BD26F51B660094301E /* dao */,
				A8FDD6BE26F51B6E0094301E /* service */,
				A8FDD6BA26F51AD70094301E /* model */,
				A8FDD6BC26F51B120094301E /* view */,
				A8FDD6BF26F51B950094301E /* viewModel */,
				A8FDD6C026F51BF50094301E /* viewController */,
			);
			path = Integrador;
			sourceTree = "<group>";
		};
		A8FDD6B926F51AB70094301E /* main */ = {
			isa = PBXGroup;
			children = (
				A8FDD6A526F51A920094301E /* AppDelegate.swift */,
				A8FDD6A726F51A920094301E /* SceneDelegate.swift */,
			);
			path = main;
			sourceTree = "<group>";
		};
		A8FDD6BA26F51AD70094301E /* model */ = {
			isa = PBXGroup;
			children = (
			);
			path = model;
			sourceTree = "<group>";
		};
		A8FDD6BB26F51AF60094301E /* resources */ = {
			isa = PBXGroup;
			children = (
				A8FDD6AE26F51A940094301E /* Assets.xcassets */,
				A8FDD6B026F51A940094301E /* LaunchScreen.storyboard */,
			);
			path = resources;
			sourceTree = "<group>";
		};
		A8FDD6BC26F51B120094301E /* view */ = {
			isa = PBXGroup;
			children = (
				A8FDD6C226F51C2A0094301E /* InitialViewController.xib */,
			);
			path = view;
			sourceTree = "<group>";
		};
		A8FDD6BD26F51B660094301E /* dao */ = {
			isa = PBXGroup;
			children = (
			);
			path = dao;
			sourceTree = "<group>";
		};
		A8FDD6BE26F51B6E0094301E /* service */ = {
			isa = PBXGroup;
			children = (
			);
			path = service;
			sourceTree = "<group>";
		};
		A8FDD6BF26F51B950094301E /* viewModel */ = {
			isa = PBXGroup;
			children = (
			);
			path = viewModel;
			sourceTree = "<group>";
		};
		A8FDD6C026F51BF50094301E /* viewController */ = {
			isa = PBXGroup;
			children = (
				A8FDD6C126F51C2A0094301E /* InitialViewController.swift */,
			);
			path = viewController;
			sourceTree = "<group>";
		};
/* End PBXGroup section */

/* Begin PBXNativeTarget section */
		A8FDD6A126F51A920094301E /* Integrador */ = {
			isa = PBXNativeTarget;
			buildConfigurationList = A8FDD6B626F51A940094301E /* Build configuration list for PBXNativeTarget "Integrador" */;
			buildPhases = (
				A8FDD69E26F51A920094301E /* Sources */,
				A8FDD69F26F51A920094301E /* Frameworks */,
				A8FDD6A026F51A920094301E /* Resources */,
			);
			buildRules = (
			);
			dependencies = (
			);
			name = Integrador;
			productName = Integrador;
			productReference = A8FDD6A226F51A920094301E /* Integrador.app */;
			productType = "com.apple.product-type.application";
		};
/* End PBXNativeTarget section */

/* Begin PBXProject section */
		A8FDD69A26F51A920094301E /* Project object */ = {
			isa = PBXProject;
			attributes = {
				LastSwiftUpdateCheck = 1250;
				LastUpgradeCheck = 1250;
				TargetAttributes = {
					A8FDD6A126F51A920094301E = {
						CreatedOnToolsVersion = 12.5.1;
					};
				};
			};
			buildConfigurationList = A8FDD69D26F51A920094301E /* Build configuration list for PBXProject "Integrador" */;
			compatibilityVersion = "Xcode 9.3";
			developmentRegion = en;
			hasScannedForEncodings = 0;
			knownRegions = (
				en,
				Base,
			);
			mainGroup = A8FDD69926F51A920094301E;
			productRefGroup = A8FDD6A326F51A920094301E /* Products */;
			projectDirPath = "";
			projectRoot = "";
			targets = (
				A8FDD6A126F51A920094301E /* Integrador */,
			);
		};
/* End PBXProject section */

/* Begin PBXResourcesBuildPhase section */
		A8FDD6A026F51A920094301E /* Resources */ = {
			isa = PBXResourcesBuildPhase;
			buildActionMask = 2147483647;
			files = (
				A8FDD6B226F51A940094301E /* LaunchScreen.storyboard in Resources */,
				A8FDD6AF26F51A940094301E /* Assets.xcassets in Resources */,
				A8FDD6C426F51C2A0094301E /* InitialViewController.xib in Resources */,
			);
			runOnlyForDeploymentPostprocessing = 0;
		};
/* End PBXResourcesBuildPhase section */

/* Begin PBXSourcesBuildPhase section */
		A8FDD69E26F51A920094301E /* Sources */ = {
			isa = PBXSourcesBuildPhase;
			buildActionMask = 2147483647;
			files = (
				A8FDD6C326F51C2A0094301E /* InitialViewController.swift in Sources */,
				A8FDD6A626F51A920094301E /* AppDelegate.swift in Sources */,
				A8FDD6A826F51A920094301E /* SceneDelegate.swift in Sources */,
			);
			runOnlyForDeploymentPostprocessing = 0;
		};
/* End PBXSourcesBuildPhase section */

/* Begin PBXVariantGroup section */
		A8FDD6B026F51A940094301E /* LaunchScreen.storyboard */ = {
			isa = PBXVariantGroup;
			children = (
				A8FDD6B126F51A940094301E /* Base */,
			);
			name = LaunchScreen.storyboard;
			sourceTree = "<group>";
		};
/* End PBXVariantGroup section */

/* Begin XCBuildConfiguration section */
		A8FDD6B426F51A940094301E /* Debug */ = {
			isa = XCBuildConfiguration;
			buildSettings = {
				ALWAYS_SEARCH_USER_PATHS = NO;
				CLANG_ANALYZER_NONNULL = YES;
				CLANG_ANALYZER_NUMBER_OBJECT_CONVERSION = YES_AGGRESSIVE;
				CLANG_CXX_LANGUAGE_STANDARD = "gnu++14";
				CLANG_CXX_LIBRARY = "libc++";
				CLANG_ENABLE_MODULES = YES;
				CLANG_ENABLE_OBJC_ARC = YES;
				CLANG_ENABLE_OBJC_WEAK = YES;
				CLANG_WARN_BLOCK_CAPTURE_AUTORELEASING = YES;
				CLANG_WARN_BOOL_CONVERSION = YES;
				CLANG_WARN_COMMA = YES;
				CLANG_WARN_CONSTANT_CONVERSION = YES;
				CLANG_WARN_DEPRECATED_OBJC_IMPLEMENTATIONS = YES;
				CLANG_WARN_DIRECT_OBJC_ISA_USAGE = YES_ERROR;
				CLANG_WARN_DOCUMENTATION_COMMENTS = YES;
				CLANG_WARN_EMPTY_BODY = YES;
				CLANG_WARN_ENUM_CONVERSION = YES;
				CLANG_WARN_INFINITE_RECURSION = YES;
				CLANG_WARN_INT_CONVERSION = YES;
				CLANG_WARN_NON_LITERAL_NULL_CONVERSION = YES;
				CLANG_WARN_OBJC_IMPLICIT_RETAIN_SELF = YES;
				CLANG_WARN_OBJC_LITERAL_CONVERSION = YES;
				CLANG_WARN_OBJC_ROOT_CLASS = YES_ERROR;
				CLANG_WARN_QUOTED_INCLUDE_IN_FRAMEWORK_HEADER = YES;
				CLANG_WARN_RANGE_LOOP_ANALYSIS = YES;
				CLANG_WARN_STRICT_PROTOTYPES = YES;
				CLANG_WARN_SUSPICIOUS_MOVE = YES;
				CLANG_WARN_UNGUARDED_AVAILABILITY = YES_AGGRESSIVE;
				CLANG_WARN_UNREACHABLE_CODE = YES;
				CLANG_WARN__DUPLICATE_METHOD_MATCH = YES;
				COPY_PHASE_STRIP = NO;
				DEBUG_INFORMATION_FORMAT = dwarf;
				ENABLE_STRICT_OBJC_MSGSEND = YES;
				ENABLE_TESTABILITY = YES;
				GCC_C_LANGUAGE_STANDARD = gnu11;
				GCC_DYNAMIC_NO_PIC = NO;
				GCC_NO_COMMON_BLOCKS = YES;
				GCC_OPTIMIZATION_LEVEL = 0;
				GCC_PREPROCESSOR_DEFINITIONS = (
					"DEBUG=1",
					"$(inherited)",
				);
				GCC_WARN_64_TO_32_BIT_CONVERSION = YES;
				GCC_WARN_ABOUT_RETURN_TYPE = YES_ERROR;
				GCC_WARN_UNDECLARED_SELECTOR = YES;
				GCC_WARN_UNINITIALIZED_AUTOS = YES_AGGRESSIVE;
				GCC_WARN_UNUSED_FUNCTION = YES;
				GCC_WARN_UNUSED_VARIABLE = YES;
				IPHONEOS_DEPLOYMENT_TARGET = 14.5;
				MTL_ENABLE_DEBUG_INFO = INCLUDE_SOURCE;
				MTL_FAST_MATH = YES;
				ONLY_ACTIVE_ARCH = YES;
				SDKROOT = iphoneos;
				SWIFT_ACTIVE_COMPILATION_CONDITIONS = DEBUG;
				SWIFT_OPTIMIZATION_LEVEL = "-Onone";
			};
			name = Debug;
		};
		A8FDD6B526F51A940094301E /* Release */ = {
			isa = XCBuildConfiguration;
			buildSettings = {
				ALWAYS_SEARCH_USER_PATHS = NO;
				CLANG_ANALYZER_NONNULL = YES;
				CLANG_ANALYZER_NUMBER_OBJECT_CONVERSION = YES_AGGRESSIVE;
				CLANG_CXX_LANGUAGE_STANDARD = "gnu++14";
				CLANG_CXX_LIBRARY = "libc++";
				CLANG_ENABLE_MODULES = YES;
				CLANG_ENABLE_OBJC_ARC = YES;
				CLANG_ENABLE_OBJC_WEAK = YES;
				CLANG_WARN_BLOCK_CAPTURE_AUTORELEASING = YES;
				CLANG_WARN_BOOL_CONVERSION = YES;
				CLANG_WARN_COMMA = YES;
				CLANG_WARN_CONSTANT_CONVERSION = YES;
				CLANG_WARN_DEPRECATED_OBJC_IMPLEMENTATIONS = YES;
				CLANG_WARN_DIRECT_OBJC_ISA_USAGE = YES_ERROR;
				CLANG_WARN_DOCUMENTATION_COMMENTS = YES;
				CLANG_WARN_EMPTY_BODY = YES;
				CLANG_WARN_ENUM_CONVERSION = YES;
				CLANG_WARN_INFINITE_RECURSION = YES;
				CLANG_WARN_INT_CONVERSION = YES;
				CLANG_WARN_NON_LITERAL_NULL_CONVERSION = YES;
				CLANG_WARN_OBJC_IMPLICIT_RETAIN_SELF = YES;
				CLANG_WARN_OBJC_LITERAL_CONVERSION = YES;
				CLANG_WARN_OBJC_ROOT_CLASS = YES_ERROR;
				CLANG_WARN_QUOTED_INCLUDE_IN_FRAMEWORK_HEADER = YES;
				CLANG_WARN_RANGE_LOOP_ANALYSIS = YES;
				CLANG_WARN_STRICT_PROTOTYPES = YES;
				CLANG_WARN_SUSPICIOUS_MOVE = YES;
				CLANG_WARN_UNGUARDED_AVAILABILITY = YES_AGGRESSIVE;
				CLANG_WARN_UNREACHABLE_CODE = YES;
				CLANG_WARN__DUPLICATE_METHOD_MATCH = YES;
				COPY_PHASE_STRIP = NO;
				DEBUG_INFORMATION_FORMAT = "dwarf-with-dsym";
				ENABLE_NS_ASSERTIONS = NO;
				ENABLE_STRICT_OBJC_MSGSEND = YES;
				GCC_C_LANGUAGE_STANDARD = gnu11;
				GCC_NO_COMMON_BLOCKS = YES;
				GCC_WARN_64_TO_32_BIT_CONVERSION = YES;
				GCC_WARN_ABOUT_RETURN_TYPE = YES_ERROR;
				GCC_WARN_UNDECLARED_SELECTOR = YES;
				GCC_WARN_UNINITIALIZED_AUTOS = YES_AGGRESSIVE;
				GCC_WARN_UNUSED_FUNCTION = YES;
				GCC_WARN_UNUSED_VARIABLE = YES;
				IPHONEOS_DEPLOYMENT_TARGET = 14.5;
				MTL_ENABLE_DEBUG_INFO = NO;
				MTL_FAST_MATH = YES;
				SDKROOT = iphoneos;
				SWIFT_COMPILATION_MODE = wholemodule;
				SWIFT_OPTIMIZATION_LEVEL = "-O";
				VALIDATE_PRODUCT = YES;
			};
			name = Release;
		};
		A8FDD6B726F51A940094301E /* Debug */ = {
			isa = XCBuildConfiguration;
			buildSettings = {
				ASSETCATALOG_COMPILER_APPICON_NAME = AppIcon;
				ASSETCATALOG_COMPILER_GLOBAL_ACCENT_COLOR_NAME = AccentColor;
				CODE_SIGN_STYLE = Automatic;
				INFOPLIST_FILE = Integrador/Info.plist;
				LD_RUNPATH_SEARCH_PATHS = (
					"$(inherited)",
					"@executable_path/Frameworks",
				);
				PRODUCT_BUNDLE_IDENTIFIER = Alkemy.Integrador;
				PRODUCT_NAME = "$(TARGET_NAME)";
				SWIFT_VERSION = 5.0;
				TARGETED_DEVICE_FAMILY = "1,2";
			};
			name = Debug;
		};
		A8FDD6B826F51A940094301E /* Release */ = {
			isa = XCBuildConfiguration;
			buildSettings = {
				ASSETCATALOG_COMPILER_APPICON_NAME = AppIcon;
				ASSETCATALOG_COMPILER_GLOBAL_ACCENT_COLOR_NAME = AccentColor;
				CODE_SIGN_STYLE = Automatic;
				INFOPLIST_FILE = Integrador/Info.plist;
				LD_RUNPATH_SEARCH_PATHS = (
					"$(inherited)",
					"@executable_path/Frameworks",
				);
				PRODUCT_BUNDLE_IDENTIFIER = Alkemy.Integrador;
				PRODUCT_NAME = "$(TARGET_NAME)";
				SWIFT_VERSION = 5.0;
				TARGETED_DEVICE_FAMILY = "1,2";
			};
			name = Release;
		};
/* End XCBuildConfiguration section */

/* Begin XCConfigurationList section */
		A8FDD69D26F51A920094301E /* Build configuration list for PBXProject "Integrador" */ = {
			isa = XCConfigurationList;
			buildConfigurations = (
				A8FDD6B426F51A940094301E /* Debug */,
				A8FDD6B526F51A940094301E /* Release */,
			);
			defaultConfigurationIsVisible = 0;
			defaultConfigurationName = Release;
		};
		A8FDD6B626F51A940094301E /* Build configuration list for PBXNativeTarget "Integrador" */ = {
			isa = XCConfigurationList;
			buildConfigurations = (
				A8FDD6B726F51A940094301E /* Debug */,
				A8FDD6B826F51A940094301E /* Release */,
			);
			defaultConfigurationIsVisible = 0;
			defaultConfigurationName = Release;
		};
/* End XCConfigurationList section */
	};
	rootObject = A8FDD69A26F51A920094301E /* Project object */;
}
